
Microsoft Visual Studio Solution File, Format Version 12.00
# Visual Studio 15
VisualStudioVersion = 15.0.27703.2047
MinimumVisualStudioVersion = 10.0.40219.1
Project("{FAE04EC0-301F-11D3-BF4B-00C04F79EFBC}") = "KFashion", "KFashion\KFashion.csproj", "{09F7D9D1-3922-4DA5-B235-0F9C8630023B}"
EndProject
Global
	GlobalSection(SolutionConfigurationPlatforms) = preSolution
		Debug|Any CPU = Debug|Any CPU
		Release|Any CPU = Release|Any CPU
	EndGlobalSection
	GlobalSection(ProjectConfigurationPlatforms) = postSolution
		{09F7D9D1-3922-4DA5-B235-0F9C8630023B}.Debug|Any CPU.ActiveCfg = Debug|Any CPU
		{09F7D9D1-3922-4DA5-B235-0F9C8630023B}.Debug|Any CPU.Build.0 = Debug|Any CPU
		{09F7D9D1-3922-4DA5-B235-0F9C8630023B}.Release|Any CPU.ActiveCfg = Release|Any CPU
		{09F7D9D1-3922-4DA5-B235-0F9C8630023B}.Release|Any CPU.Build.0 = Release|Any CPU
	EndGlobalSection
	GlobalSection(SolutionProperties) = preSolution
		HideSolutionNode = FALSE
	EndGlobalSection
	GlobalSection(ExtensibilityGlobals) = postSolution
		SolutionGuid = {0CA46766-2B73-4829-8842-0C46F366BCDB}
	EndGlobalSection
EndGlobal
